// !$*UTF8*$!
{
	archiveVersion = 1;
	classes = {
	};
	objectVersion = 55;
	objects = {

/* Begin PBXBuildFile section */
		E50938A628C8749D002CAA50 /* NSString+PigLatinization.m in Sources */ = {isa = PBXBuildFile; fileRef = E50938A528C8749D002CAA50 /* NSString+PigLatinization.m */; };
		E51E329028C7B02B0003FAF6 /* main.m in Sources */ = {isa = PBXBuildFile; fileRef = E51E328F28C7B02B0003FAF6 /* main.m */; };
		E51E329B28C7B0460003FAF6 /* main.m in Sources */ = {isa = PBXBuildFile; fileRef = E51E329A28C7B0460003FAF6 /* main.m */; };
		E51E32A128C7C90F0003FAF6 /* Dice.m in Sources */ = {isa = PBXBuildFile; fileRef = E51E32A028C7C90F0003FAF6 /* Dice.m */; };
		E51E32A428C83A8E0003FAF6 /* GameController.m in Sources */ = {isa = PBXBuildFile; fileRef = E51E32A328C83A8E0003FAF6 /* GameController.m */; };
		E524CA7F28BD1F3800F088E0 /* main.m in Sources */ = {isa = PBXBuildFile; fileRef = E524CA7E28BD1F3800F088E0 /* main.m */; };
		E524CA8C28BE6C5C00F088E0 /* main.m in Sources */ = {isa = PBXBuildFile; fileRef = E524CA8B28BE6C5C00F088E0 /* main.m */; };
		E524CA9728BFC21800F088E0 /* main.m in Sources */ = {isa = PBXBuildFile; fileRef = E524CA9628BFC21800F088E0 /* main.m */; };
		E524CA9D28BFC23000F088E0 /* Person.m in Sources */ = {isa = PBXBuildFile; fileRef = E524CA9C28BFC23000F088E0 /* Person.m */; };
		E524CAA028C010B600F088E0 /* Box.m in Sources */ = {isa = PBXBuildFile; fileRef = E524CA9F28C010B500F088E0 /* Box.m */; };
		E524CAA828C12C4F00F088E0 /* main.m in Sources */ = {isa = PBXBuildFile; fileRef = E524CAA728C12C4F00F088E0 /* main.m */; };
		E524CAB128C13ACA00F088E0 /* InputHandler.m in Sources */ = {isa = PBXBuildFile; fileRef = E524CAB028C13ACA00F088E0 /* InputHandler.m */; };
		E524CAB428C13D4000F088E0 /* ScoreKeeper.m in Sources */ = {isa = PBXBuildFile; fileRef = E524CAB328C13D4000F088E0 /* ScoreKeeper.m */; };
		E5A921B928C16A08004EA2FB /* QuestionManager.m in Sources */ = {isa = PBXBuildFile; fileRef = E5A921B828C16A08004EA2FB /* QuestionManager.m */; };
		E5A921BC28C17277004EA2FB /* Question.m in Sources */ = {isa = PBXBuildFile; fileRef = E5A921BB28C17277004EA2FB /* Question.m */; };
		E5A921BF28C178F6004EA2FB /* AdditionQuestion.m in Sources */ = {isa = PBXBuildFile; fileRef = E5A921BE28C178F6004EA2FB /* AdditionQuestion.m */; };
		E5A921C228C17919004EA2FB /* SubtractionQuestion.m in Sources */ = {isa = PBXBuildFile; fileRef = E5A921C128C17919004EA2FB /* SubtractionQuestion.m */; };
		E5A921C528C180E7004EA2FB /* DivisionQuestion.m in Sources */ = {isa = PBXBuildFile; fileRef = E5A921C428C180E7004EA2FB /* DivisionQuestion.m */; };
		E5A921C828C18126004EA2FB /* MultiplicationQuestion.m in Sources */ = {isa = PBXBuildFile; fileRef = E5A921C728C18126004EA2FB /* MultiplicationQuestion.m */; };
		E5A921CB28C18169004EA2FB /* QuestionFactory.m in Sources */ = {isa = PBXBuildFile; fileRef = E5A921CA28C18169004EA2FB /* QuestionFactory.m */; };
		E5A921D428C264C8004EA2FB /* main.m in Sources */ = {isa = PBXBuildFile; fileRef = E5A921D328C264C8004EA2FB /* main.m */; };
		E5A921DF28C26AD0004EA2FB /* main.m in Sources */ = {isa = PBXBuildFile; fileRef = E5A921DE28C26AD0004EA2FB /* main.m */; };
		E5A921E528C270CA004EA2FB /* InputConllector.m in Sources */ = {isa = PBXBuildFile; fileRef = E5A921E428C270CA004EA2FB /* InputConllector.m */; };
		E5A921E828C273BE004EA2FB /* Contact.m in Sources */ = {isa = PBXBuildFile; fileRef = E5A921E728C273BE004EA2FB /* Contact.m */; };
		E5A921EB28C27561004EA2FB /* ContactList.m in Sources */ = {isa = PBXBuildFile; fileRef = E5A921EA28C27561004EA2FB /* ContactList.m */; };
		E5DD47D728CA5EB200595D05 /* main.m in Sources */ = {isa = PBXBuildFile; fileRef = E5DD47D628CA5EB200595D05 /* main.m */; };
		E5DD47DE28CA5EEB00595D05 /* Greeter.m in Sources */ = {isa = PBXBuildFile; fileRef = E5DD47DD28CA5EEB00595D05 /* Greeter.m */; };
		E5DD47E128CA5F5600595D05 /* FriendlyGreedingDecider.m in Sources */ = {isa = PBXBuildFile; fileRef = E5DD47E028CA5F5600595D05 /* FriendlyGreedingDecider.m */; };
		E5DD47E428CA5F6400595D05 /* AngryGreedingDecider.m in Sources */ = {isa = PBXBuildFile; fileRef = E5DD47E328CA5F6400595D05 /* AngryGreedingDecider.m */; };
/* End PBXBuildFile section */

/* Begin PBXCopyFilesBuildPhase section */
		E51E328B28C7B02B0003FAF6 /* CopyFiles */ = {
			isa = PBXCopyFilesBuildPhase;
			buildActionMask = 2147483647;
			dstPath = /usr/share/man/man1/;
			dstSubfolderSpec = 0;
			files = (
			);
			runOnlyForDeploymentPostprocessing = 1;
		};
		E51E329628C7B0460003FAF6 /* CopyFiles */ = {
			isa = PBXCopyFilesBuildPhase;
			buildActionMask = 2147483647;
			dstPath = /usr/share/man/man1/;
			dstSubfolderSpec = 0;
			files = (
			);
			runOnlyForDeploymentPostprocessing = 1;
		};
		E524CA7928BD1F3800F088E0 /* CopyFiles */ = {
			isa = PBXCopyFilesBuildPhase;
			buildActionMask = 2147483647;
			dstPath = /usr/share/man/man1/;
			dstSubfolderSpec = 0;
			files = (
			);
			runOnlyForDeploymentPostprocessing = 1;
		};
		E524CA8728BE6C5C00F088E0 /* CopyFiles */ = {
			isa = PBXCopyFilesBuildPhase;
			buildActionMask = 2147483647;
			dstPath = /usr/share/man/man1/;
			dstSubfolderSpec = 0;
			files = (
			);
			runOnlyForDeploymentPostprocessing = 1;
		};
		E524CA9228BFC21800F088E0 /* CopyFiles */ = {
			isa = PBXCopyFilesBuildPhase;
			buildActionMask = 2147483647;
			dstPath = /usr/share/man/man1/;
			dstSubfolderSpec = 0;
			files = (
			);
			runOnlyForDeploymentPostprocessing = 1;
		};
		E524CAA328C12C4F00F088E0 /* CopyFiles */ = {
			isa = PBXCopyFilesBuildPhase;
			buildActionMask = 2147483647;
			dstPath = /usr/share/man/man1/;
			dstSubfolderSpec = 0;
			files = (
			);
			runOnlyForDeploymentPostprocessing = 1;
		};
		E5A921CF28C264C8004EA2FB /* CopyFiles */ = {
			isa = PBXCopyFilesBuildPhase;
			buildActionMask = 2147483647;
			dstPath = /usr/share/man/man1/;
			dstSubfolderSpec = 0;
			files = (
			);
			runOnlyForDeploymentPostprocessing = 1;
		};
		E5A921DA28C26AD0004EA2FB /* CopyFiles */ = {
			isa = PBXCopyFilesBuildPhase;
			buildActionMask = 2147483647;
			dstPath = /usr/share/man/man1/;
			dstSubfolderSpec = 0;
			files = (
			);
			runOnlyForDeploymentPostprocessing = 1;
		};
		E5DD47D228CA5EB200595D05 /* CopyFiles */ = {
			isa = PBXCopyFilesBuildPhase;
			buildActionMask = 2147483647;
			dstPath = /usr/share/man/man1/;
			dstSubfolderSpec = 0;
			files = (
			);
			runOnlyForDeploymentPostprocessing = 1;
		};
/* End PBXCopyFilesBuildPhase section */

/* Begin PBXFileReference section */
		E50938A428C8749D002CAA50 /* NSString+PigLatinization.h */ = {isa = PBXFileReference; lastKnownFileType = sourcecode.c.h; path = "NSString+PigLatinization.h"; sourceTree = "<group>"; };
		E50938A528C8749D002CAA50 /* NSString+PigLatinization.m */ = {isa = PBXFileReference; lastKnownFileType = sourcecode.c.objc; path = "NSString+PigLatinization.m"; sourceTree = "<group>"; };
		E51E328D28C7B02B0003FAF6 /* Lab6 */ = {isa = PBXFileReference; explicitFileType = "compiled.mach-o.executable"; includeInIndex = 0; path = Lab6; sourceTree = BUILT_PRODUCTS_DIR; };
		E51E328F28C7B02B0003FAF6 /* main.m */ = {isa = PBXFileReference; lastKnownFileType = sourcecode.c.objc; path = main.m; sourceTree = "<group>"; };
		E51E329828C7B0460003FAF6 /* Lab7 */ = {isa = PBXFileReference; explicitFileType = "compiled.mach-o.executable"; includeInIndex = 0; path = Lab7; sourceTree = BUILT_PRODUCTS_DIR; };
		E51E329A28C7B0460003FAF6 /* main.m */ = {isa = PBXFileReference; lastKnownFileType = sourcecode.c.objc; path = main.m; sourceTree = "<group>"; };
		E51E329F28C7C90F0003FAF6 /* Dice.h */ = {isa = PBXFileReference; lastKnownFileType = sourcecode.c.h; path = Dice.h; sourceTree = "<group>"; };
		E51E32A028C7C90F0003FAF6 /* Dice.m */ = {isa = PBXFileReference; lastKnownFileType = sourcecode.c.objc; path = Dice.m; sourceTree = "<group>"; };
		E51E32A228C83A8E0003FAF6 /* GameController.h */ = {isa = PBXFileReference; lastKnownFileType = sourcecode.c.h; path = GameController.h; sourceTree = "<group>"; };
		E51E32A328C83A8E0003FAF6 /* GameController.m */ = {isa = PBXFileReference; lastKnownFileType = sourcecode.c.objc; path = GameController.m; sourceTree = "<group>"; };
		E524CA7B28BD1F3800F088E0 /* TestObjC */ = {isa = PBXFileReference; explicitFileType = "compiled.mach-o.executable"; includeInIndex = 0; path = TestObjC; sourceTree = BUILT_PRODUCTS_DIR; };
		E524CA7E28BD1F3800F088E0 /* main.m */ = {isa = PBXFileReference; lastKnownFileType = sourcecode.c.objc; path = main.m; sourceTree = "<group>"; };
		E524CA8928BE6C5C00F088E0 /* Lab1 */ = {isa = PBXFileReference; explicitFileType = "compiled.mach-o.executable"; includeInIndex = 0; path = Lab1; sourceTree = BUILT_PRODUCTS_DIR; };
		E524CA8B28BE6C5C00F088E0 /* main.m */ = {isa = PBXFileReference; lastKnownFileType = sourcecode.c.objc; path = main.m; sourceTree = "<group>"; };
		E524CA9428BFC21800F088E0 /* Lab2 */ = {isa = PBXFileReference; explicitFileType = "compiled.mach-o.executable"; includeInIndex = 0; path = Lab2; sourceTree = BUILT_PRODUCTS_DIR; };
		E524CA9628BFC21800F088E0 /* main.m */ = {isa = PBXFileReference; lastKnownFileType = sourcecode.c.objc; path = main.m; sourceTree = "<group>"; };
		E524CA9B28BFC22F00F088E0 /* Person.h */ = {isa = PBXFileReference; lastKnownFileType = sourcecode.c.h; path = Person.h; sourceTree = "<group>"; };
		E524CA9C28BFC23000F088E0 /* Person.m */ = {isa = PBXFileReference; lastKnownFileType = sourcecode.c.objc; path = Person.m; sourceTree = "<group>"; };
		E524CA9E28C010B500F088E0 /* Box.h */ = {isa = PBXFileReference; lastKnownFileType = sourcecode.c.h; path = Box.h; sourceTree = "<group>"; };
		E524CA9F28C010B500F088E0 /* Box.m */ = {isa = PBXFileReference; lastKnownFileType = sourcecode.c.objc; path = Box.m; sourceTree = "<group>"; };
		E524CAA528C12C4F00F088E0 /* Lab3 */ = {isa = PBXFileReference; explicitFileType = "compiled.mach-o.executable"; includeInIndex = 0; path = Lab3; sourceTree = BUILT_PRODUCTS_DIR; };
		E524CAA728C12C4F00F088E0 /* main.m */ = {isa = PBXFileReference; lastKnownFileType = sourcecode.c.objc; path = main.m; sourceTree = "<group>"; };
		E524CAAF28C13ACA00F088E0 /* InputHandler.h */ = {isa = PBXFileReference; lastKnownFileType = sourcecode.c.h; path = InputHandler.h; sourceTree = "<group>"; };
		E524CAB028C13ACA00F088E0 /* InputHandler.m */ = {isa = PBXFileReference; lastKnownFileType = sourcecode.c.objc; path = InputHandler.m; sourceTree = "<group>"; };
		E524CAB228C13D3F00F088E0 /* ScoreKeeper.h */ = {isa = PBXFileReference; lastKnownFileType = sourcecode.c.h; path = ScoreKeeper.h; sourceTree = "<group>"; };
		E524CAB328C13D4000F088E0 /* ScoreKeeper.m */ = {isa = PBXFileReference; lastKnownFileType = sourcecode.c.objc; path = ScoreKeeper.m; sourceTree = "<group>"; };
		E5A921B728C16A08004EA2FB /* QuestionManager.h */ = {isa = PBXFileReference; lastKnownFileType = sourcecode.c.h; path = QuestionManager.h; sourceTree = "<group>"; };
		E5A921B828C16A08004EA2FB /* QuestionManager.m */ = {isa = PBXFileReference; lastKnownFileType = sourcecode.c.objc; path = QuestionManager.m; sourceTree = "<group>"; };
		E5A921BA28C17277004EA2FB /* Question.h */ = {isa = PBXFileReference; lastKnownFileType = sourcecode.c.h; path = Question.h; sourceTree = "<group>"; };
		E5A921BB28C17277004EA2FB /* Question.m */ = {isa = PBXFileReference; lastKnownFileType = sourcecode.c.objc; path = Question.m; sourceTree = "<group>"; };
		E5A921BD28C178F6004EA2FB /* AdditionQuestion.h */ = {isa = PBXFileReference; lastKnownFileType = sourcecode.c.h; path = AdditionQuestion.h; sourceTree = "<group>"; };
		E5A921BE28C178F6004EA2FB /* AdditionQuestion.m */ = {isa = PBXFileReference; lastKnownFileType = sourcecode.c.objc; path = AdditionQuestion.m; sourceTree = "<group>"; };
		E5A921C028C17919004EA2FB /* SubtractionQuestion.h */ = {isa = PBXFileReference; lastKnownFileType = sourcecode.c.h; path = SubtractionQuestion.h; sourceTree = "<group>"; };
		E5A921C128C17919004EA2FB /* SubtractionQuestion.m */ = {isa = PBXFileReference; lastKnownFileType = sourcecode.c.objc; path = SubtractionQuestion.m; sourceTree = "<group>"; };
		E5A921C328C180E7004EA2FB /* DivisionQuestion.h */ = {isa = PBXFileReference; lastKnownFileType = sourcecode.c.h; path = DivisionQuestion.h; sourceTree = "<group>"; };
		E5A921C428C180E7004EA2FB /* DivisionQuestion.m */ = {isa = PBXFileReference; lastKnownFileType = sourcecode.c.objc; path = DivisionQuestion.m; sourceTree = "<group>"; };
		E5A921C628C18126004EA2FB /* MultiplicationQuestion.h */ = {isa = PBXFileReference; lastKnownFileType = sourcecode.c.h; path = MultiplicationQuestion.h; sourceTree = "<group>"; };
		E5A921C728C18126004EA2FB /* MultiplicationQuestion.m */ = {isa = PBXFileReference; lastKnownFileType = sourcecode.c.objc; path = MultiplicationQuestion.m; sourceTree = "<group>"; };
		E5A921C928C18169004EA2FB /* QuestionFactory.h */ = {isa = PBXFileReference; lastKnownFileType = sourcecode.c.h; path = QuestionFactory.h; sourceTree = "<group>"; };
		E5A921CA28C18169004EA2FB /* QuestionFactory.m */ = {isa = PBXFileReference; lastKnownFileType = sourcecode.c.objc; path = QuestionFactory.m; sourceTree = "<group>"; };
		E5A921D128C264C8004EA2FB /* Collections */ = {isa = PBXFileReference; explicitFileType = "compiled.mach-o.executable"; includeInIndex = 0; path = Collections; sourceTree = BUILT_PRODUCTS_DIR; };
		E5A921D328C264C8004EA2FB /* main.m */ = {isa = PBXFileReference; lastKnownFileType = sourcecode.c.objc; path = main.m; sourceTree = "<group>"; };
		E5A921DC28C26AD0004EA2FB /* Lab5 */ = {isa = PBXFileReference; explicitFileType = "compiled.mach-o.executable"; includeInIndex = 0; path = Lab5; sourceTree = BUILT_PRODUCTS_DIR; };
		E5A921DE28C26AD0004EA2FB /* main.m */ = {isa = PBXFileReference; lastKnownFileType = sourcecode.c.objc; path = main.m; sourceTree = "<group>"; };
		E5A921E328C270CA004EA2FB /* InputConllector.h */ = {isa = PBXFileReference; lastKnownFileType = sourcecode.c.h; path = InputConllector.h; sourceTree = "<group>"; };
		E5A921E428C270CA004EA2FB /* InputConllector.m */ = {isa = PBXFileReference; lastKnownFileType = sourcecode.c.objc; path = InputConllector.m; sourceTree = "<group>"; };
		E5A921E628C273BE004EA2FB /* Contact.h */ = {isa = PBXFileReference; lastKnownFileType = sourcecode.c.h; path = Contact.h; sourceTree = "<group>"; };
		E5A921E728C273BE004EA2FB /* Contact.m */ = {isa = PBXFileReference; lastKnownFileType = sourcecode.c.objc; path = Contact.m; sourceTree = "<group>"; };
		E5A921E928C27561004EA2FB /* ContactList.h */ = {isa = PBXFileReference; lastKnownFileType = sourcecode.c.h; path = ContactList.h; sourceTree = "<group>"; };
		E5A921EA28C27561004EA2FB /* ContactList.m */ = {isa = PBXFileReference; lastKnownFileType = sourcecode.c.objc; path = ContactList.m; sourceTree = "<group>"; };
		E5DD47D428CA5EB200595D05 /* Lab8 */ = {isa = PBXFileReference; explicitFileType = "compiled.mach-o.executable"; includeInIndex = 0; path = Lab8; sourceTree = BUILT_PRODUCTS_DIR; };
		E5DD47D628CA5EB200595D05 /* main.m */ = {isa = PBXFileReference; lastKnownFileType = sourcecode.c.objc; path = main.m; sourceTree = "<group>"; };
		E5DD47DB28CA5ECA00595D05 /* GreeterDelegate.h */ = {isa = PBXFileReference; lastKnownFileType = sourcecode.c.h; path = GreeterDelegate.h; sourceTree = "<group>"; };
		E5DD47DC28CA5EEB00595D05 /* Greeter.h */ = {isa = PBXFileReference; lastKnownFileType = sourcecode.c.h; path = Greeter.h; sourceTree = "<group>"; };
		E5DD47DD28CA5EEB00595D05 /* Greeter.m */ = {isa = PBXFileReference; lastKnownFileType = sourcecode.c.objc; path = Greeter.m; sourceTree = "<group>"; };
		E5DD47DF28CA5F5600595D05 /* FriendlyGreedingDecider.h */ = {isa = PBXFileReference; lastKnownFileType = sourcecode.c.h; path = FriendlyGreedingDecider.h; sourceTree = "<group>"; };
		E5DD47E028CA5F5600595D05 /* FriendlyGreedingDecider.m */ = {isa = PBXFileReference; lastKnownFileType = sourcecode.c.objc; path = FriendlyGreedingDecider.m; sourceTree = "<group>"; };
		E5DD47E228CA5F6400595D05 /* AngryGreedingDecider.h */ = {isa = PBXFileReference; lastKnownFileType = sourcecode.c.h; path = AngryGreedingDecider.h; sourceTree = "<group>"; };
		E5DD47E328CA5F6400595D05 /* AngryGreedingDecider.m */ = {isa = PBXFileReference; lastKnownFileType = sourcecode.c.objc; path = AngryGreedingDecider.m; sourceTree = "<group>"; };
/* End PBXFileReference section */

/* Begin PBXFrameworksBuildPhase section */
		E51E328A28C7B02B0003FAF6 /* Frameworks */ = {
			isa = PBXFrameworksBuildPhase;
			buildActionMask = 2147483647;
			files = (
			);
			runOnlyForDeploymentPostprocessing = 0;
		};
		E51E329528C7B0460003FAF6 /* Frameworks */ = {
			isa = PBXFrameworksBuildPhase;
			buildActionMask = 2147483647;
			files = (
			);
			runOnlyForDeploymentPostprocessing = 0;
		};
		E524CA7828BD1F3800F088E0 /* Frameworks */ = {
			isa = PBXFrameworksBuildPhase;
			buildActionMask = 2147483647;
			files = (
			);
			runOnlyForDeploymentPostprocessing = 0;
		};
		E524CA8628BE6C5C00F088E0 /* Frameworks */ = {
			isa = PBXFrameworksBuildPhase;
			buildActionMask = 2147483647;
			files = (
			);
			runOnlyForDeploymentPostprocessing = 0;
		};
		E524CA9128BFC21800F088E0 /* Frameworks */ = {
			isa = PBXFrameworksBuildPhase;
			buildActionMask = 2147483647;
			files = (
			);
			runOnlyForDeploymentPostprocessing = 0;
		};
		E524CAA228C12C4F00F088E0 /* Frameworks */ = {
			isa = PBXFrameworksBuildPhase;
			buildActionMask = 2147483647;
			files = (
			);
			runOnlyForDeploymentPostprocessing = 0;
		};
		E5A921CE28C264C8004EA2FB /* Frameworks */ = {
			isa = PBXFrameworksBuildPhase;
			buildActionMask = 2147483647;
			files = (
			);
			runOnlyForDeploymentPostprocessing = 0;
		};
		E5A921D928C26AD0004EA2FB /* Frameworks */ = {
			isa = PBXFrameworksBuildPhase;
			buildActionMask = 2147483647;
			files = (
			);
			runOnlyForDeploymentPostprocessing = 0;
		};
		E5DD47D128CA5EB200595D05 /* Frameworks */ = {
			isa = PBXFrameworksBuildPhase;
			buildActionMask = 2147483647;
			files = (
			);
			runOnlyForDeploymentPostprocessing = 0;
		};
/* End PBXFrameworksBuildPhase section */

/* Begin PBXGroup section */
		E51E328E28C7B02B0003FAF6 /* Lab6 */ = {
			isa = PBXGroup;
			children = (
				E51E328F28C7B02B0003FAF6 /* main.m */,
				E51E32A228C83A8E0003FAF6 /* GameController.h */,
				E51E32A328C83A8E0003FAF6 /* GameController.m */,
				E51E329F28C7C90F0003FAF6 /* Dice.h */,
				E51E32A028C7C90F0003FAF6 /* Dice.m */,
			);
			path = Lab6;
			sourceTree = "<group>";
		};
		E51E329928C7B0460003FAF6 /* Lab7 */ = {
			isa = PBXGroup;
			children = (
				E51E329A28C7B0460003FAF6 /* main.m */,
				E50938A428C8749D002CAA50 /* NSString+PigLatinization.h */,
				E50938A528C8749D002CAA50 /* NSString+PigLatinization.m */,
			);
			path = Lab7;
			sourceTree = "<group>";
		};
		E524CA7228BD1F3800F088E0 = {
			isa = PBXGroup;
			children = (
				E524CA7D28BD1F3800F088E0 /* TestObjC */,
				E524CA8A28BE6C5C00F088E0 /* Lab1 */,
				E524CA9528BFC21800F088E0 /* Lab2 */,
				E524CAA628C12C4F00F088E0 /* Lab3 */,
				E5A921D228C264C8004EA2FB /* Collections */,
				E5A921DD28C26AD0004EA2FB /* Lab5 */,
				E51E328E28C7B02B0003FAF6 /* Lab6 */,
				E51E329928C7B0460003FAF6 /* Lab7 */,
				E5DD47D528CA5EB200595D05 /* Lab8 */,
				E524CA7C28BD1F3800F088E0 /* Products */,
			);
			sourceTree = "<group>";
		};
		E524CA7C28BD1F3800F088E0 /* Products */ = {
			isa = PBXGroup;
			children = (
				E524CA7B28BD1F3800F088E0 /* TestObjC */,
				E524CA8928BE6C5C00F088E0 /* Lab1 */,
				E524CA9428BFC21800F088E0 /* Lab2 */,
				E524CAA528C12C4F00F088E0 /* Lab3 */,
				E5A921D128C264C8004EA2FB /* Collections */,
				E5A921DC28C26AD0004EA2FB /* Lab5 */,
				E51E328D28C7B02B0003FAF6 /* Lab6 */,
				E51E329828C7B0460003FAF6 /* Lab7 */,
				E5DD47D428CA5EB200595D05 /* Lab8 */,
			);
			name = Products;
			sourceTree = "<group>";
		};
		E524CA7D28BD1F3800F088E0 /* TestObjC */ = {
			isa = PBXGroup;
			children = (
				E524CA7E28BD1F3800F088E0 /* main.m */,
			);
			path = TestObjC;
			sourceTree = "<group>";
		};
		E524CA8A28BE6C5C00F088E0 /* Lab1 */ = {
			isa = PBXGroup;
			children = (
				E524CA8B28BE6C5C00F088E0 /* main.m */,
			);
			path = Lab1;
			sourceTree = "<group>";
		};
		E524CA9528BFC21800F088E0 /* Lab2 */ = {
			isa = PBXGroup;
			children = (
				E524CA9628BFC21800F088E0 /* main.m */,
				E524CA9B28BFC22F00F088E0 /* Person.h */,
				E524CA9C28BFC23000F088E0 /* Person.m */,
				E524CA9E28C010B500F088E0 /* Box.h */,
				E524CA9F28C010B500F088E0 /* Box.m */,
			);
			path = Lab2;
			sourceTree = "<group>";
		};
		E524CAA628C12C4F00F088E0 /* Lab3 */ = {
			isa = PBXGroup;
			children = (
				E524CAA728C12C4F00F088E0 /* main.m */,
				E5A921C928C18169004EA2FB /* QuestionFactory.h */,
				E5A921CA28C18169004EA2FB /* QuestionFactory.m */,
				E5A921C328C180E7004EA2FB /* DivisionQuestion.h */,
				E5A921C428C180E7004EA2FB /* DivisionQuestion.m */,
				E524CAAF28C13ACA00F088E0 /* InputHandler.h */,
				E524CAB028C13ACA00F088E0 /* InputHandler.m */,
				E524CAB228C13D3F00F088E0 /* ScoreKeeper.h */,
				E524CAB328C13D4000F088E0 /* ScoreKeeper.m */,
				E5A921B728C16A08004EA2FB /* QuestionManager.h */,
				E5A921B828C16A08004EA2FB /* QuestionManager.m */,
				E5A921BA28C17277004EA2FB /* Question.h */,
				E5A921BB28C17277004EA2FB /* Question.m */,
				E5A921BD28C178F6004EA2FB /* AdditionQuestion.h */,
				E5A921BE28C178F6004EA2FB /* AdditionQuestion.m */,
				E5A921C028C17919004EA2FB /* SubtractionQuestion.h */,
				E5A921C128C17919004EA2FB /* SubtractionQuestion.m */,
				E5A921C628C18126004EA2FB /* MultiplicationQuestion.h */,
				E5A921C728C18126004EA2FB /* MultiplicationQuestion.m */,
			);
			path = Lab3;
			sourceTree = "<group>";
		};
		E5A921D228C264C8004EA2FB /* Collections */ = {
			isa = PBXGroup;
			children = (
				E5A921D328C264C8004EA2FB /* main.m */,
			);
			path = Collections;
			sourceTree = "<group>";
		};
		E5A921DD28C26AD0004EA2FB /* Lab5 */ = {
			isa = PBXGroup;
			children = (
				E5A921DE28C26AD0004EA2FB /* main.m */,
				E5A921E328C270CA004EA2FB /* InputConllector.h */,
				E5A921E428C270CA004EA2FB /* InputConllector.m */,
				E5A921E628C273BE004EA2FB /* Contact.h */,
				E5A921E728C273BE004EA2FB /* Contact.m */,
				E5A921E928C27561004EA2FB /* ContactList.h */,
				E5A921EA28C27561004EA2FB /* ContactList.m */,
			);
			path = Lab5;
			sourceTree = "<group>";
		};
		E5DD47D528CA5EB200595D05 /* Lab8 */ = {
			isa = PBXGroup;
			children = (
				E5DD47D628CA5EB200595D05 /* main.m */,
				E5DD47DB28CA5ECA00595D05 /* GreeterDelegate.h */,
				E5DD47DC28CA5EEB00595D05 /* Greeter.h */,
				E5DD47DD28CA5EEB00595D05 /* Greeter.m */,
				E5DD47DF28CA5F5600595D05 /* FriendlyGreedingDecider.h */,
				E5DD47E028CA5F5600595D05 /* FriendlyGreedingDecider.m */,
				E5DD47E228CA5F6400595D05 /* AngryGreedingDecider.h */,
				E5DD47E328CA5F6400595D05 /* AngryGreedingDecider.m */,
			);
			path = Lab8;
			sourceTree = "<group>";
		};
/* End PBXGroup section */

/* Begin PBXNativeTarget section */
		E51E328C28C7B02B0003FAF6 /* Lab6 */ = {
			isa = PBXNativeTarget;
			buildConfigurationList = E51E329328C7B02B0003FAF6 /* Build configuration list for PBXNativeTarget "Lab6" */;
			buildPhases = (
				E51E328928C7B02B0003FAF6 /* Sources */,
				E51E328A28C7B02B0003FAF6 /* Frameworks */,
				E51E328B28C7B02B0003FAF6 /* CopyFiles */,
			);
			buildRules = (
			);
			dependencies = (
			);
			name = Lab6;
			productName = Lab6;
			productReference = E51E328D28C7B02B0003FAF6 /* Lab6 */;
			productType = "com.apple.product-type.tool";
		};
		E51E329728C7B0460003FAF6 /* Lab7 */ = {
			isa = PBXNativeTarget;
			buildConfigurationList = E51E329C28C7B0460003FAF6 /* Build configuration list for PBXNativeTarget "Lab7" */;
			buildPhases = (
				E51E329428C7B0460003FAF6 /* Sources */,
				E51E329528C7B0460003FAF6 /* Frameworks */,
				E51E329628C7B0460003FAF6 /* CopyFiles */,
			);
			buildRules = (
			);
			dependencies = (
			);
			name = Lab7;
			productName = Lab7;
			productReference = E51E329828C7B0460003FAF6 /* Lab7 */;
			productType = "com.apple.product-type.tool";
		};
		E524CA7A28BD1F3800F088E0 /* TestObjC */ = {
			isa = PBXNativeTarget;
			buildConfigurationList = E524CA8228BD1F3800F088E0 /* Build configuration list for PBXNativeTarget "TestObjC" */;
			buildPhases = (
				E524CA7728BD1F3800F088E0 /* Sources */,
				E524CA7828BD1F3800F088E0 /* Frameworks */,
				E524CA7928BD1F3800F088E0 /* CopyFiles */,
			);
			buildRules = (
			);
			dependencies = (
			);
			name = TestObjC;
			productName = TestObjC;
			productReference = E524CA7B28BD1F3800F088E0 /* TestObjC */;
			productType = "com.apple.product-type.tool";
		};
		E524CA8828BE6C5C00F088E0 /* Lab1 */ = {
			isa = PBXNativeTarget;
			buildConfigurationList = E524CA8F28BE6C5C00F088E0 /* Build configuration list for PBXNativeTarget "Lab1" */;
			buildPhases = (
				E524CA8528BE6C5C00F088E0 /* Sources */,
				E524CA8628BE6C5C00F088E0 /* Frameworks */,
				E524CA8728BE6C5C00F088E0 /* CopyFiles */,
			);
			buildRules = (
			);
			dependencies = (
			);
			name = Lab1;
			productName = Lab1;
			productReference = E524CA8928BE6C5C00F088E0 /* Lab1 */;
			productType = "com.apple.product-type.tool";
		};
		E524CA9328BFC21800F088E0 /* Lab2 */ = {
			isa = PBXNativeTarget;
			buildConfigurationList = E524CA9A28BFC21800F088E0 /* Build configuration list for PBXNativeTarget "Lab2" */;
			buildPhases = (
				E524CA9028BFC21800F088E0 /* Sources */,
				E524CA9128BFC21800F088E0 /* Frameworks */,
				E524CA9228BFC21800F088E0 /* CopyFiles */,
			);
			buildRules = (
			);
			dependencies = (
			);
			name = Lab2;
			productName = Lab2;
			productReference = E524CA9428BFC21800F088E0 /* Lab2 */;
			productType = "com.apple.product-type.tool";
		};
		E524CAA428C12C4F00F088E0 /* Lab3 */ = {
			isa = PBXNativeTarget;
			buildConfigurationList = E524CAAB28C12C4F00F088E0 /* Build configuration list for PBXNativeTarget "Lab3" */;
			buildPhases = (
				E524CAA128C12C4F00F088E0 /* Sources */,
				E524CAA228C12C4F00F088E0 /* Frameworks */,
				E524CAA328C12C4F00F088E0 /* CopyFiles */,
			);
			buildRules = (
			);
			dependencies = (
			);
			name = Lab3;
			productName = Lab3;
			productReference = E524CAA528C12C4F00F088E0 /* Lab3 */;
			productType = "com.apple.product-type.tool";
		};
		E5A921D028C264C8004EA2FB /* Collections */ = {
			isa = PBXNativeTarget;
			buildConfigurationList = E5A921D528C264C8004EA2FB /* Build configuration list for PBXNativeTarget "Collections" */;
			buildPhases = (
				E5A921CD28C264C8004EA2FB /* Sources */,
				E5A921CE28C264C8004EA2FB /* Frameworks */,
				E5A921CF28C264C8004EA2FB /* CopyFiles */,
			);
			buildRules = (
			);
			dependencies = (
			);
			name = Collections;
			productName = Collections;
			productReference = E5A921D128C264C8004EA2FB /* Collections */;
			productType = "com.apple.product-type.tool";
		};
		E5A921DB28C26AD0004EA2FB /* Lab5 */ = {
			isa = PBXNativeTarget;
			buildConfigurationList = E5A921E028C26AD0004EA2FB /* Build configuration list for PBXNativeTarget "Lab5" */;
			buildPhases = (
				E5A921D828C26AD0004EA2FB /* Sources */,
				E5A921D928C26AD0004EA2FB /* Frameworks */,
				E5A921DA28C26AD0004EA2FB /* CopyFiles */,
			);
			buildRules = (
			);
			dependencies = (
			);
			name = Lab5;
			productName = Lab5;
			productReference = E5A921DC28C26AD0004EA2FB /* Lab5 */;
			productType = "com.apple.product-type.tool";
		};
		E5DD47D328CA5EB200595D05 /* Lab8 */ = {
			isa = PBXNativeTarget;
			buildConfigurationList = E5DD47DA28CA5EB200595D05 /* Build configuration list for PBXNativeTarget "Lab8" */;
			buildPhases = (
				E5DD47D028CA5EB200595D05 /* Sources */,
				E5DD47D128CA5EB200595D05 /* Frameworks */,
				E5DD47D228CA5EB200595D05 /* CopyFiles */,
			);
			buildRules = (
			);
			dependencies = (
			);
			name = Lab8;
			productName = Lab8;
			productReference = E5DD47D428CA5EB200595D05 /* Lab8 */;
			productType = "com.apple.product-type.tool";
		};
/* End PBXNativeTarget section */

/* Begin PBXProject section */
		E524CA7328BD1F3800F088E0 /* Project object */ = {
			isa = PBXProject;
			attributes = {
				BuildIndependentTargetsInParallel = 1;
				LastUpgradeCheck = 1330;
				TargetAttributes = {
					E51E328C28C7B02B0003FAF6 = {
						CreatedOnToolsVersion = 13.3;
					};
					E51E329728C7B0460003FAF6 = {
						CreatedOnToolsVersion = 13.3;
					};
					E524CA7A28BD1F3800F088E0 = {
						CreatedOnToolsVersion = 13.3;
					};
					E524CA8828BE6C5C00F088E0 = {
						CreatedOnToolsVersion = 13.3;
					};
					E524CA9328BFC21800F088E0 = {
						CreatedOnToolsVersion = 13.3;
					};
					E524CAA428C12C4F00F088E0 = {
						CreatedOnToolsVersion = 13.3;
					};
					E5A921D028C264C8004EA2FB = {
						CreatedOnToolsVersion = 13.3;
					};
					E5A921DB28C26AD0004EA2FB = {
						CreatedOnToolsVersion = 13.3;
					};
					E5DD47D328CA5EB200595D05 = {
						CreatedOnToolsVersion = 13.3;
					};
				};
			};
			buildConfigurationList = E524CA7628BD1F3800F088E0 /* Build configuration list for PBXProject "TestObjC" */;
			compatibilityVersion = "Xcode 13.0";
			developmentRegion = en;
			hasScannedForEncodings = 0;
			knownRegions = (
				en,
				Base,
			);
			mainGroup = E524CA7228BD1F3800F088E0;
			productRefGroup = E524CA7C28BD1F3800F088E0 /* Products */;
			projectDirPath = "";
			projectRoot = "";
			targets = (
				E524CA7A28BD1F3800F088E0 /* TestObjC */,
				E524CA8828BE6C5C00F088E0 /* Lab1 */,
				E524CA9328BFC21800F088E0 /* Lab2 */,
				E524CAA428C12C4F00F088E0 /* Lab3 */,
				E5A921D028C264C8004EA2FB /* Collections */,
				E5A921DB28C26AD0004EA2FB /* Lab5 */,
				E51E328C28C7B02B0003FAF6 /* Lab6 */,
				E51E329728C7B0460003FAF6 /* Lab7 */,
				E5DD47D328CA5EB200595D05 /* Lab8 */,
			);
		};
/* End PBXProject section */

/* Begin PBXSourcesBuildPhase section */
		E51E328928C7B02B0003FAF6 /* Sources */ = {
			isa = PBXSourcesBuildPhase;
			buildActionMask = 2147483647;
			files = (
				E51E32A428C83A8E0003FAF6 /* GameController.m in Sources */,
				E51E32A128C7C90F0003FAF6 /* Dice.m in Sources */,
				E51E329028C7B02B0003FAF6 /* main.m in Sources */,
			);
			runOnlyForDeploymentPostprocessing = 0;
		};
		E51E329428C7B0460003FAF6 /* Sources */ = {
			isa = PBXSourcesBuildPhase;
			buildActionMask = 2147483647;
			files = (
				E50938A628C8749D002CAA50 /* NSString+PigLatinization.m in Sources */,
				E51E329B28C7B0460003FAF6 /* main.m in Sources */,
			);
			runOnlyForDeploymentPostprocessing = 0;
		};
		E524CA7728BD1F3800F088E0 /* Sources */ = {
			isa = PBXSourcesBuildPhase;
			buildActionMask = 2147483647;
			files = (
				E524CA7F28BD1F3800F088E0 /* main.m in Sources */,
			);
			runOnlyForDeploymentPostprocessing = 0;
		};
		E524CA8528BE6C5C00F088E0 /* Sources */ = {
			isa = PBXSourcesBuildPhase;
			buildActionMask = 2147483647;
			files = (
				E524CA8C28BE6C5C00F088E0 /* main.m in Sources */,
			);
			runOnlyForDeploymentPostprocessing = 0;
		};
		E524CA9028BFC21800F088E0 /* Sources */ = {
			isa = PBXSourcesBuildPhase;
			buildActionMask = 2147483647;
			files = (
				E524CAA028C010B600F088E0 /* Box.m in Sources */,
				E524CA9D28BFC23000F088E0 /* Person.m in Sources */,
				E524CA9728BFC21800F088E0 /* main.m in Sources */,
			);
			runOnlyForDeploymentPostprocessing = 0;
		};
		E524CAA128C12C4F00F088E0 /* Sources */ = {
			isa = PBXSourcesBuildPhase;
			buildActionMask = 2147483647;
			files = (
				E5A921B928C16A08004EA2FB /* QuestionManager.m in Sources */,
				E5A921BF28C178F6004EA2FB /* AdditionQuestion.m in Sources */,
				E5A921C528C180E7004EA2FB /* DivisionQuestion.m in Sources */,
				E5A921C228C17919004EA2FB /* SubtractionQuestion.m in Sources */,
				E524CAB428C13D4000F088E0 /* ScoreKeeper.m in Sources */,
				E524CAA828C12C4F00F088E0 /* main.m in Sources */,
				E5A921C828C18126004EA2FB /* MultiplicationQuestion.m in Sources */,
				E5A921BC28C17277004EA2FB /* Question.m in Sources */,
				E5A921CB28C18169004EA2FB /* QuestionFactory.m in Sources */,
				E524CAB128C13ACA00F088E0 /* InputHandler.m in Sources */,
			);
			runOnlyForDeploymentPostprocessing = 0;
		};
		E5A921CD28C264C8004EA2FB /* Sources */ = {
			isa = PBXSourcesBuildPhase;
			buildActionMask = 2147483647;
			files = (
				E5A921D428C264C8004EA2FB /* main.m in Sources */,
			);
			runOnlyForDeploymentPostprocessing = 0;
		};
		E5A921D828C26AD0004EA2FB /* Sources */ = {
			isa = PBXSourcesBuildPhase;
			buildActionMask = 2147483647;
			files = (
				E5A921EB28C27561004EA2FB /* ContactList.m in Sources */,
				E5A921DF28C26AD0004EA2FB /* main.m in Sources */,
				E5A921E828C273BE004EA2FB /* Contact.m in Sources */,
				E5A921E528C270CA004EA2FB /* InputConllector.m in Sources */,
			);
			runOnlyForDeploymentPostprocessing = 0;
		};
		E5DD47D028CA5EB200595D05 /* Sources */ = {
			isa = PBXSourcesBuildPhase;
			buildActionMask = 2147483647;
			files = (
				E5DD47DE28CA5EEB00595D05 /* Greeter.m in Sources */,
				E5DD47E128CA5F5600595D05 /* FriendlyGreedingDecider.m in Sources */,
				E5DD47D728CA5EB200595D05 /* main.m in Sources */,
				E5DD47E428CA5F6400595D05 /* AngryGreedingDecider.m in Sources */,
			);
			runOnlyForDeploymentPostprocessing = 0;
		};
/* End PBXSourcesBuildPhase section */

/* Begin XCBuildConfiguration section */
		E51E329128C7B02B0003FAF6 /* Debug */ = {
			isa = XCBuildConfiguration;
			buildSettings = {
				CODE_SIGN_STYLE = Automatic;
				PRODUCT_NAME = "$(TARGET_NAME)";
			};
			name = Debug;
		};
		E51E329228C7B02B0003FAF6 /* Release */ = {
			isa = XCBuildConfiguration;
			buildSettings = {
				CODE_SIGN_STYLE = Automatic;
				PRODUCT_NAME = "$(TARGET_NAME)";
			};
			name = Release;
		};
		E51E329D28C7B0460003FAF6 /* Debug */ = {
			isa = XCBuildConfiguration;
			buildSettings = {
				CODE_SIGN_STYLE = Automatic;
				PRODUCT_NAME = "$(TARGET_NAME)";
			};
			name = Debug;
		};
		E51E329E28C7B0460003FAF6 /* Release */ = {
			isa = XCBuildConfiguration;
			buildSettings = {
				CODE_SIGN_STYLE = Automatic;
				PRODUCT_NAME = "$(TARGET_NAME)";
			};
			name = Release;
		};
		E524CA8028BD1F3800F088E0 /* Debug */ = {
			isa = XCBuildConfiguration;
			buildSettings = {
				ALWAYS_SEARCH_USER_PATHS = NO;
				CLANG_ANALYZER_NONNULL = YES;
				CLANG_ANALYZER_NUMBER_OBJECT_CONVERSION = YES_AGGRESSIVE;
				CLANG_CXX_LANGUAGE_STANDARD = "gnu++17";
				CLANG_ENABLE_MODULES = YES;
				CLANG_ENABLE_OBJC_ARC = YES;
				CLANG_ENABLE_OBJC_WEAK = YES;
				CLANG_WARN_BLOCK_CAPTURE_AUTORELEASING = YES;
				CLANG_WARN_BOOL_CONVERSION = YES;
				CLANG_WARN_COMMA = YES;
				CLANG_WARN_CONSTANT_CONVERSION = YES;
				CLANG_WARN_DEPRECATED_OBJC_IMPLEMENTATIONS = YES;
				CLANG_WARN_DIRECT_OBJC_ISA_USAGE = YES_ERROR;
				CLANG_WARN_DOCUMENTATION_COMMENTS = YES;
				CLANG_WARN_EMPTY_BODY = YES;
				CLANG_WARN_ENUM_CONVERSION = YES;
				CLANG_WARN_INFINITE_RECURSION = YES;
				CLANG_WARN_INT_CONVERSION = YES;
				CLANG_WARN_NON_LITERAL_NULL_CONVERSION = YES;
				CLANG_WARN_OBJC_IMPLICIT_RETAIN_SELF = YES;
				CLANG_WARN_OBJC_LITERAL_CONVERSION = YES;
				CLANG_WARN_OBJC_ROOT_CLASS = YES_ERROR;
				CLANG_WARN_QUOTED_INCLUDE_IN_FRAMEWORK_HEADER = YES;
				CLANG_WARN_RANGE_LOOP_ANALYSIS = YES;
				CLANG_WARN_STRICT_PROTOTYPES = YES;
				CLANG_WARN_SUSPICIOUS_MOVE = YES;
				CLANG_WARN_UNGUARDED_AVAILABILITY = YES_AGGRESSIVE;
				CLANG_WARN_UNREACHABLE_CODE = YES;
				CLANG_WARN__DUPLICATE_METHOD_MATCH = YES;
				COPY_PHASE_STRIP = NO;
				DEBUG_INFORMATION_FORMAT = dwarf;
				ENABLE_STRICT_OBJC_MSGSEND = YES;
				ENABLE_TESTABILITY = YES;
				GCC_C_LANGUAGE_STANDARD = gnu11;
				GCC_DYNAMIC_NO_PIC = NO;
				GCC_NO_COMMON_BLOCKS = YES;
				GCC_OPTIMIZATION_LEVEL = 0;
				GCC_PREPROCESSOR_DEFINITIONS = (
					"DEBUG=1",
					"$(inherited)",
				);
				GCC_WARN_64_TO_32_BIT_CONVERSION = YES;
				GCC_WARN_ABOUT_RETURN_TYPE = YES_ERROR;
				GCC_WARN_UNDECLARED_SELECTOR = YES;
				GCC_WARN_UNINITIALIZED_AUTOS = YES_AGGRESSIVE;
				GCC_WARN_UNUSED_FUNCTION = YES;
				GCC_WARN_UNUSED_VARIABLE = YES;
				MACOSX_DEPLOYMENT_TARGET = 12.3;
				MTL_ENABLE_DEBUG_INFO = INCLUDE_SOURCE;
				MTL_FAST_MATH = YES;
				ONLY_ACTIVE_ARCH = YES;
				SDKROOT = macosx;
			};
			name = Debug;
		};
		E524CA8128BD1F3800F088E0 /* Release */ = {
			isa = XCBuildConfiguration;
			buildSettings = {
				ALWAYS_SEARCH_USER_PATHS = NO;
				CLANG_ANALYZER_NONNULL = YES;
				CLANG_ANALYZER_NUMBER_OBJECT_CONVERSION = YES_AGGRESSIVE;
				CLANG_CXX_LANGUAGE_STANDARD = "gnu++17";
				CLANG_ENABLE_MODULES = YES;
				CLANG_ENABLE_OBJC_ARC = YES;
				CLANG_ENABLE_OBJC_WEAK = YES;
				CLANG_WARN_BLOCK_CAPTURE_AUTORELEASING = YES;
				CLANG_WARN_BOOL_CONVERSION = YES;
				CLANG_WARN_COMMA = YES;
				CLANG_WARN_CONSTANT_CONVERSION = YES;
				CLANG_WARN_DEPRECATED_OBJC_IMPLEMENTATIONS = YES;
				CLANG_WARN_DIRECT_OBJC_ISA_USAGE = YES_ERROR;
				CLANG_WARN_DOCUMENTATION_COMMENTS = YES;
				CLANG_WARN_EMPTY_BODY = YES;
				CLANG_WARN_ENUM_CONVERSION = YES;
				CLANG_WARN_INFINITE_RECURSION = YES;
				CLANG_WARN_INT_CONVERSION = YES;
				CLANG_WARN_NON_LITERAL_NULL_CONVERSION = YES;
				CLANG_WARN_OBJC_IMPLICIT_RETAIN_SELF = YES;
				CLANG_WARN_OBJC_LITERAL_CONVERSION = YES;
				CLANG_WARN_OBJC_ROOT_CLASS = YES_ERROR;
				CLANG_WARN_QUOTED_INCLUDE_IN_FRAMEWORK_HEADER = YES;
				CLANG_WARN_RANGE_LOOP_ANALYSIS = YES;
				CLANG_WARN_STRICT_PROTOTYPES = YES;
				CLANG_WARN_SUSPICIOUS_MOVE = YES;
				CLANG_WARN_UNGUARDED_AVAILABILITY = YES_AGGRESSIVE;
				CLANG_WARN_UNREACHABLE_CODE = YES;
				CLANG_WARN__DUPLICATE_METHOD_MATCH = YES;
				COPY_PHASE_STRIP = NO;
				DEBUG_INFORMATION_FORMAT = "dwarf-with-dsym";
				ENABLE_NS_ASSERTIONS = NO;
				ENABLE_STRICT_OBJC_MSGSEND = YES;
				GCC_C_LANGUAGE_STANDARD = gnu11;
				GCC_NO_COMMON_BLOCKS = YES;
				GCC_WARN_64_TO_32_BIT_CONVERSION = YES;
				GCC_WARN_ABOUT_RETURN_TYPE = YES_ERROR;
				GCC_WARN_UNDECLARED_SELECTOR = YES;
				GCC_WARN_UNINITIALIZED_AUTOS = YES_AGGRESSIVE;
				GCC_WARN_UNUSED_FUNCTION = YES;
				GCC_WARN_UNUSED_VARIABLE = YES;
				MACOSX_DEPLOYMENT_TARGET = 12.3;
				MTL_ENABLE_DEBUG_INFO = NO;
				MTL_FAST_MATH = YES;
				SDKROOT = macosx;
			};
			name = Release;
		};
		E524CA8328BD1F3800F088E0 /* Debug */ = {
			isa = XCBuildConfiguration;
			buildSettings = {
				CODE_SIGN_STYLE = Automatic;
				PRODUCT_NAME = "$(TARGET_NAME)";
			};
			name = Debug;
		};
		E524CA8428BD1F3800F088E0 /* Release */ = {
			isa = XCBuildConfiguration;
			buildSettings = {
				CODE_SIGN_STYLE = Automatic;
				PRODUCT_NAME = "$(TARGET_NAME)";
			};
			name = Release;
		};
		E524CA8D28BE6C5C00F088E0 /* Debug */ = {
			isa = XCBuildConfiguration;
			buildSettings = {
				CODE_SIGN_STYLE = Automatic;
				PRODUCT_NAME = "$(TARGET_NAME)";
			};
			name = Debug;
		};
		E524CA8E28BE6C5C00F088E0 /* Release */ = {
			isa = XCBuildConfiguration;
			buildSettings = {
				CODE_SIGN_STYLE = Automatic;
				PRODUCT_NAME = "$(TARGET_NAME)";
			};
			name = Release;
		};
		E524CA9828BFC21800F088E0 /* Debug */ = {
			isa = XCBuildConfiguration;
			buildSettings = {
				CODE_SIGN_STYLE = Automatic;
				PRODUCT_NAME = "$(TARGET_NAME)";
			};
			name = Debug;
		};
		E524CA9928BFC21800F088E0 /* Release */ = {
			isa = XCBuildConfiguration;
			buildSettings = {
				CODE_SIGN_STYLE = Automatic;
				PRODUCT_NAME = "$(TARGET_NAME)";
			};
			name = Release;
		};
		E524CAA928C12C4F00F088E0 /* Debug */ = {
			isa = XCBuildConfiguration;
			buildSettings = {
				CODE_SIGN_STYLE = Automatic;
				PRODUCT_NAME = "$(TARGET_NAME)";
			};
			name = Debug;
		};
		E524CAAA28C12C4F00F088E0 /* Release */ = {
			isa = XCBuildConfiguration;
			buildSettings = {
				CODE_SIGN_STYLE = Automatic;
				PRODUCT_NAME = "$(TARGET_NAME)";
			};
			name = Release;
		};
		E5A921D628C264C8004EA2FB /* Debug */ = {
			isa = XCBuildConfiguration;
			buildSettings = {
				CODE_SIGN_STYLE = Automatic;
				PRODUCT_NAME = "$(TARGET_NAME)";
			};
			name = Debug;
		};
		E5A921D728C264C8004EA2FB /* Release */ = {
			isa = XCBuildConfiguration;
			buildSettings = {
				CODE_SIGN_STYLE = Automatic;
				PRODUCT_NAME = "$(TARGET_NAME)";
			};
			name = Release;
		};
		E5A921E128C26AD0004EA2FB /* Debug */ = {
			isa = XCBuildConfiguration;
			buildSettings = {
				CODE_SIGN_STYLE = Automatic;
				PRODUCT_NAME = "$(TARGET_NAME)";
			};
			name = Debug;
		};
		E5A921E228C26AD0004EA2FB /* Release */ = {
			isa = XCBuildConfiguration;
			buildSettings = {
				CODE_SIGN_STYLE = Automatic;
				PRODUCT_NAME = "$(TARGET_NAME)";
			};
			name = Release;
		};
		E5DD47D828CA5EB200595D05 /* Debug */ = {
			isa = XCBuildConfiguration;
			buildSettings = {
				CODE_SIGN_STYLE = Automatic;
				PRODUCT_NAME = "$(TARGET_NAME)";
			};
			name = Debug;
		};
		E5DD47D928CA5EB200595D05 /* Release */ = {
			isa = XCBuildConfiguration;
			buildSettings = {
				CODE_SIGN_STYLE = Automatic;
				PRODUCT_NAME = "$(TARGET_NAME)";
			};
			name = Release;
		};
/* End XCBuildConfiguration section */

/* Begin XCConfigurationList section */
		E51E329328C7B02B0003FAF6 /* Build configuration list for PBXNativeTarget "Lab6" */ = {
			isa = XCConfigurationList;
			buildConfigurations = (
				E51E329128C7B02B0003FAF6 /* Debug */,
				E51E329228C7B02B0003FAF6 /* Release */,
			);
			defaultConfigurationIsVisible = 0;
			defaultConfigurationName = Release;
		};
		E51E329C28C7B0460003FAF6 /* Build configuration list for PBXNativeTarget "Lab7" */ = {
			isa = XCConfigurationList;
			buildConfigurations = (
				E51E329D28C7B0460003FAF6 /* Debug */,
				E51E329E28C7B0460003FAF6 /* Release */,
			);
			defaultConfigurationIsVisible = 0;
			defaultConfigurationName = Release;
		};
		E524CA7628BD1F3800F088E0 /* Build configuration list for PBXProject "TestObjC" */ = {
			isa = XCConfigurationList;
			buildConfigurations = (
				E524CA8028BD1F3800F088E0 /* Debug */,
				E524CA8128BD1F3800F088E0 /* Release */,
			);
			defaultConfigurationIsVisible = 0;
			defaultConfigurationName = Release;
		};
		E524CA8228BD1F3800F088E0 /* Build configuration list for PBXNativeTarget "TestObjC" */ = {
			isa = XCConfigurationList;
			buildConfigurations = (
				E524CA8328BD1F3800F088E0 /* Debug */,
				E524CA8428BD1F3800F088E0 /* Release */,
			);
			defaultConfigurationIsVisible = 0;
			defaultConfigurationName = Release;
		};
		E524CA8F28BE6C5C00F088E0 /* Build configuration list for PBXNativeTarget "Lab1" */ = {
			isa = XCConfigurationList;
			buildConfigurations = (
				E524CA8D28BE6C5C00F088E0 /* Debug */,
				E524CA8E28BE6C5C00F088E0 /* Release */,
			);
			defaultConfigurationIsVisible = 0;
			defaultConfigurationName = Release;
		};
		E524CA9A28BFC21800F088E0 /* Build configuration list for PBXNativeTarget "Lab2" */ = {
			isa = XCConfigurationList;
			buildConfigurations = (
				E524CA9828BFC21800F088E0 /* Debug */,
				E524CA9928BFC21800F088E0 /* Release */,
			);
			defaultConfigurationIsVisible = 0;
			defaultConfigurationName = Release;
		};
		E524CAAB28C12C4F00F088E0 /* Build configuration list for PBXNativeTarget "Lab3" */ = {
			isa = XCConfigurationList;
			buildConfigurations = (
				E524CAA928C12C4F00F088E0 /* Debug */,
				E524CAAA28C12C4F00F088E0 /* Release */,
			);
			defaultConfigurationIsVisible = 0;
			defaultConfigurationName = Release;
		};
		E5A921D528C264C8004EA2FB /* Build configuration list for PBXNativeTarget "Collections" */ = {
			isa = XCConfigurationList;
			buildConfigurations = (
				E5A921D628C264C8004EA2FB /* Debug */,
				E5A921D728C264C8004EA2FB /* Release */,
			);
			defaultConfigurationIsVisible = 0;
			defaultConfigurationName = Release;
		};
		E5A921E028C26AD0004EA2FB /* Build configuration list for PBXNativeTarget "Lab5" */ = {
			isa = XCConfigurationList;
			buildConfigurations = (
				E5A921E128C26AD0004EA2FB /* Debug */,
				E5A921E228C26AD0004EA2FB /* Release */,
			);
			defaultConfigurationIsVisible = 0;
			defaultConfigurationName = Release;
		};
		E5DD47DA28CA5EB200595D05 /* Build configuration list for PBXNativeTarget "Lab8" */ = {
			isa = XCConfigurationList;
			buildConfigurations = (
				E5DD47D828CA5EB200595D05 /* Debug */,
				E5DD47D928CA5EB200595D05 /* Release */,
			);
			defaultConfigurationIsVisible = 0;
			defaultConfigurationName = Release;
		};
/* End XCConfigurationList section */
	};
	rootObject = E524CA7328BD1F3800F088E0 /* Project object */;
}
